# Round-6 hash-pinned lockfile (F-SEC-1). Install with:
#   pip install --require-hashes -r requirements.lock
# Generated 2026-06-11 from python 3.13 / macOS arm64 wheel set.
annotated-doc==0.0.4 \
    --hash=sha256:571ac1dc6991c450b25a9c2d84a3705e2ae7a53467b5d111c24fa8baabbed320
anyio==4.13.0 \
    --hash=sha256:08b310f9e24a9594186fd75b4f73f4a4152069e3853f1ed8bfbf58369f4ad708
certifi==2026.5.20 \
    --hash=sha256:3c52e209ba0a4ad7aebe60436a4ab349c39e1e602e8c134221e546902ad25897
charset-normalizer==3.4.7 \
    --hash=sha256:f496c9c3cc02230093d8330875c4c3cdfc3b73612a5fd921c65d39cbcef08063
click==8.4.1 \
    --hash=sha256:482be17c6991b8c19c5429a1e995d9b0efdbb63172824c41f99965dc0ade8ec2
fastembed==0.8.0 \
    --hash=sha256:40bee672657574a1009e35ec50030a55f2b426842cb011845379817641bbbbd0
filelock==3.29.3 \
    --hash=sha256:e58333029cc9b925f39aad59b1d8f0a1ad836af4e60d7217f4a4dba87461261d
flatbuffers==25.12.19 \
    --hash=sha256:7634f50c427838bb021c2d66a3d1168e9d199b0607e6329399f04846d42e20b4
fsspec==2026.4.0 \
    --hash=sha256:11ef7bb35dab8a394fde6e608221d5cf3e8499401c249bebaeaad760a1a8dec2
h11==0.16.0 \
    --hash=sha256:63cf8bbe7522de3bf65932fda1d9c2772064ffb3dae62d55932da54b31cb6c86
hf-xet==1.5.1 \
    --hash=sha256:94e761bbd266bf4c03cee73753916062665ce8365aa40ed321f45afcb934b41e
httpcore==1.0.9 \
    --hash=sha256:2d400746a40668fc9dec9810239072b40b4484b640a8c38fd654a024c7a1bf55
httpx==0.28.1 \
    --hash=sha256:d909fcccc110f8c7faf814ca82a9a4d816bc5a6dbfea25d6591d6985b8ba59ad
huggingface_hub==1.18.0 \
    --hash=sha256:729be4a976fb706dcc02d176bcda8a3f32bdf21a294e8f4b3dda6fbcbc9c1ab1
idna==3.18 \
    --hash=sha256:7f952cbe720b688055e3f87de14f5c3e5fdaa8bc3928985c4077ca689de849a2
joblib==1.5.3 \
    --hash=sha256:5fc3c5039fc5ca8c0276333a188bbd59d6b7ab37fe6632daa76bc7f9ec18e713
loguru==0.7.3 \
    --hash=sha256:31a33c10c8e1e10422bfd431aeb5d351c7cf7fa671e3c4df004162264b28220c
markdown-it-py==4.2.0 \
    --hash=sha256:9f7ebbcd14fe59494226453aed97c1070d83f8d24b6fc3a3bcf9a38092641c4a
mdurl==0.1.2 \
    --hash=sha256:84008a41e51615a49fc9966191ff91509e3c40b939176e643fd50a5c2196b8f8
mmh3==5.2.1 \
    --hash=sha256:be77c402d5e882b6fbacfd90823f13da8e0a69658405a39a569c6b58fdb17b03
narwhals==2.22.1 \
    --hash=sha256:60567d774edf77db53906f89d9fbd164e66e56d66d388e1e6990f17ac33cfb53
numpy==2.4.6 \
    --hash=sha256:043191bfa8eab18c776647b62723ac9dddece59743b13f49b2016094129c2b3f
onnxruntime==1.26.0 \
    --hash=sha256:ccce19c5f771b8268902f77d9fed9e88f9499465d6780808faa6611a789d33f0
packaging==26.2 \
    --hash=sha256:5fc45236b9446107ff2415ce77c807cee2862cb6fac22b8a73826d0693b0980e
pillow==12.2.0 \
    --hash=sha256:56b25336f502b6ed02e889f4ece894a72612fe885889a6e8c4c80239ff6e5f5f
protobuf==7.35.0 \
    --hash=sha256:66be6c513931c794fa92c080ffee41671390da3d79da219cf9c0c0907f035dda
psutil==7.2.2 \
    --hash=sha256:1a7b04c10f32cc88ab39cbf606e117fd74721c831c98a27dc04578deb0c16979
py_rust_stemmers==0.1.8 \
    --hash=sha256:6c92733b020534470ca5a0d7fe8b85c85622ff383d4f37fec75a1c677aa84921
Pygments==2.20.0 \
    --hash=sha256:81a9e26dd42fd28a23a2d169d86d7ac03b46e2f8b59ed4698fb4785f946d0176
PyYAML==6.0.3 \
    --hash=sha256:2283a07e2c21a2aa78d9c4442724ec1eb15f5e42a723b99cb3d822d48f5f7ad1
requests==2.34.2 \
    --hash=sha256:2a0d60c172f83ac6ab31e4554906c0f3b3588d37b5cb939b1c061f4907e278e0
rich==15.0.0 \
    --hash=sha256:33bd4ef74232fb73fe9279a257718407f169c09b78a87ad3d296f548e27de0bb
scikit-learn==1.9.0 \
    --hash=sha256:5b934c45c252844a91d69fda3a34cff5e7307e1db10d77cb10a3980312c74713
scipy==1.17.1 \
    --hash=sha256:7ff200bf9d24f2e4d5dc6ee8c3ac64d739d3a89e2326ba68aaf6c4a2b838fd7d
shellingham==1.5.4 \
    --hash=sha256:7ecfff8f2fd72616f7481040475a65b2bf8af90a56c89140852d1120324e8686
threadpoolctl==3.6.0 \
    --hash=sha256:43a0b8fd5a2928500110039e43a5eed8480b918967083ea48dc3ab9f13c4a7fb
tokenizers==0.23.1 \
    --hash=sha256:e0948bbb1ac1d7cdfc9fb6d62c596e3b7550036ad60ecd654a66ad273326324e
tqdm==4.68.2 \
    --hash=sha256:d4240441fb5353290b87d6a85968c9decc131a99b8c7faa28269d829de669ede
typer==0.25.1 \
    --hash=sha256:75caa44ed46a03fb2dab8808753ffacdbfea88495e74c85a28c5eefcf5f39c89
typing_extensions==4.15.0 \
    --hash=sha256:f0fa19c6845758ab08074a0cfa8b7aecb71c999ca73d62883bc25cc018c4e548
urllib3==2.7.0 \
    --hash=sha256:9fb4c81ebbb1ce9531cce37674bbc6f1360472bc18ca9a553ede278ef7276897
